
Microsoft Visual Studio Solution File, Format Version 12.00
# Visual Studio Version 16
VisualStudioVersion = 16.0.28315.86
MinimumVisualStudioVersion = 10.0.40219.1
Project("{2150E333-8FDC-42A3-9474-1A3956D46DE8}") = "Engine", "Engine", "{54C34772-3019-4131-91CC-275012A18DBB}"
EndProject
Project("{2150E333-8FDC-42A3-9474-1A3956D46DE8}") = "Games", "Games", "{77A857FA-CEDD-4270-BF29-4C2488854456}"
EndProject
Project("{8BC9CEB8-8B4A-11D0-8D11-00A0C91BC942}") = "UE4", "Intermediate\ProjectFiles\UE4.vcxproj", "{172F83B6-68FA-43E6-A50A-24A5B3A5E146}"
EndProject
Project("{8BC9CEB8-8B4A-11D0-8D11-00A0C91BC942}") = "FPSGame", "Intermediate\ProjectFiles\FPSGame.vcxproj", "{F0B5BCE2-35C3-43E6-81F3-87CBDC2E523C}"
EndProject
Project("{2150E333-8FDC-42A3-9474-1A3956D46DE8}") = "Visualizers", "Visualizers", "{14C4C20B-3F69-4683-AAE6-9C93B3A2217A}"
	ProjectSection(SolutionItems) = preProject
		..\..\..\Epic Games\UE_4.24\Engine\Extras\VisualStudioDebugging\UE4.natvis = ..\..\..\Epic Games\UE_4.24\Engine\Extras\VisualStudioDebugging\UE4.natvis
	EndProjectSection
EndProject
Global
	GlobalSection(SolutionConfigurationPlatforms) = preSolution
		DebugGame Editor|Android = DebugGame Editor|Android
		DebugGame Editor|Win32 = DebugGame Editor|Win32
		DebugGame Editor|Win64 = DebugGame Editor|Win64
		DebugGame|Android = DebugGame|Android
		DebugGame|Win32 = DebugGame|Win32
		DebugGame|Win64 = DebugGame|Win64
		Development Editor|Android = Development Editor|Android
		Development Editor|Win32 = Development Editor|Win32
		Development Editor|Win64 = Development Editor|Win64
		Development|Android = Development|Android
		Development|Win32 = Development|Win32
		Development|Win64 = Development|Win64
		Shipping|Android = Shipping|Android
		Shipping|Win32 = Shipping|Win32
		Shipping|Win64 = Shipping|Win64
	EndGlobalSection
	GlobalSection(ProjectConfigurationPlatforms) = postSolution
		{172F83B6-68FA-43E6-A50A-24A5B3A5E146}.DebugGame Editor|Android.ActiveCfg = BuiltWithUnrealBuildTool|Win32
		{172F83B6-68FA-43E6-A50A-24A5B3A5E146}.DebugGame Editor|Win32.ActiveCfg = BuiltWithUnrealBuildTool|Win32
		{172F83B6-68FA-43E6-A50A-24A5B3A5E146}.DebugGame Editor|Win64.ActiveCfg = BuiltWithUnrealBuildTool|Win32
		{172F83B6-68FA-43E6-A50A-24A5B3A5E146}.DebugGame|Android.ActiveCfg = BuiltWithUnrealBuildTool|Win32
		{172F83B6-68FA-43E6-A50A-24A5B3A5E146}.DebugGame|Win32.ActiveCfg = BuiltWithUnrealBuildTool|Win32
		{172F83B6-68FA-43E6-A50A-24A5B3A5E146}.DebugGame|Win64.ActiveCfg = BuiltWithUnrealBuildTool|Win32
		{172F83B6-68FA-43E6-A50A-24A5B3A5E146}.Development Editor|Android.ActiveCfg = BuiltWithUnrealBuildTool|Win32
		{172F83B6-68FA-43E6-A50A-24A5B3A5E146}.Development Editor|Win32.ActiveCfg = BuiltWithUnrealBuildTool|Win32
		{172F83B6-68FA-43E6-A50A-24A5B3A5E146}.Development Editor|Win64.ActiveCfg = BuiltWithUnrealBuildTool|Win32
		{172F83B6-68FA-43E6-A50A-24A5B3A5E146}.Development|Android.ActiveCfg = BuiltWithUnrealBuildTool|Win32
		{172F83B6-68FA-43E6-A50A-24A5B3A5E146}.Development|Win32.ActiveCfg = BuiltWithUnrealBuildTool|Win32
		{172F83B6-68FA-43E6-A50A-24A5B3A5E146}.Development|Win64.ActiveCfg = BuiltWithUnrealBuildTool|Win32
		{172F83B6-68FA-43E6-A50A-24A5B3A5E146}.Shipping|Android.ActiveCfg = BuiltWithUnrealBuildTool|Win32
		{172F83B6-68FA-43E6-A50A-24A5B3A5E146}.Shipping|Win32.ActiveCfg = BuiltWithUnrealBuildTool|Win32
		{172F83B6-68FA-43E6-A50A-24A5B3A5E146}.Shipping|Win64.ActiveCfg = BuiltWithUnrealBuildTool|Win32
		{F0B5BCE2-35C3-43E6-81F3-87CBDC2E523C}.DebugGame Editor|Android.ActiveCfg = Invalid|Win32
		{F0B5BCE2-35C3-43E6-81F3-87CBDC2E523C}.DebugGame Editor|Win32.ActiveCfg = Invalid|Win32
		{F0B5BCE2-35C3-43E6-81F3-87CBDC2E523C}.DebugGame Editor|Win64.ActiveCfg = DebugGame_Editor|x64
		{F0B5BCE2-35C3-43E6-81F3-87CBDC2E523C}.DebugGame Editor|Win64.Build.0 = DebugGame_Editor|x64
		{F0B5BCE2-35C3-43E6-81F3-87CBDC2E523C}.DebugGame|Android.ActiveCfg = Android_DebugGame|Win32
		{F0B5BCE2-35C3-43E6-81F3-87CBDC2E523C}.DebugGame|Android.Build.0 = Android_DebugGame|Win32
		{F0B5BCE2-35C3-43E6-81F3-87CBDC2E523C}.DebugGame|Win32.ActiveCfg = DebugGame|Win32
		{F0B5BCE2-35C3-43E6-81F3-87CBDC2E523C}.DebugGame|Win32.Build.0 = DebugGame|Win32
		{F0B5BCE2-35C3-43E6-81F3-87CBDC2E523C}.DebugGame|Win64.ActiveCfg = DebugGame|x64
		{F0B5BCE2-35C3-43E6-81F3-87CBDC2E523C}.DebugGame|Win64.Build.0 = DebugGame|x64
		{F0B5BCE2-35C3-43E6-81F3-87CBDC2E523C}.Development Editor|Android.ActiveCfg = Invalid|Win32
		{F0B5BCE2-35C3-43E6-81F3-87CBDC2E523C}.Development Editor|Win32.ActiveCfg = Invalid|Win32
		{F0B5BCE2-35C3-43E6-81F3-87CBDC2E523C}.Development Editor|Win64.ActiveCfg = Development_Editor|x64
		{F0B5BCE2-35C3-43E6-81F3-87CBDC2E523C}.Development Editor|Win64.Build.0 = Development_Editor|x64
		{F0B5BCE2-35C3-43E6-81F3-87CBDC2E523C}.Development|Android.ActiveCfg = Android_Development|Win32
		{F0B5BCE2-35C3-43E6-81F3-87CBDC2E523C}.Development|Android.Build.0 = Android_Development|Win32
		{F0B5BCE2-35C3-43E6-81F3-87CBDC2E523C}.Development|Win32.ActiveCfg = Development|Win32
		{F0B5BCE2-35C3-43E6-81F3-87CBDC2E523C}.Development|Win32.Build.0 = Development|Win32
		{F0B5BCE2-35C3-43E6-81F3-87CBDC2E523C}.Development|Win64.ActiveCfg = Development|x64
		{F0B5BCE2-35C3-43E6-81F3-87CBDC2E523C}.Development|Win64.Build.0 = Development|x64
		{F0B5BCE2-35C3-43E6-81F3-87CBDC2E523C}.Shipping|Android.ActiveCfg = Android_Shipping|Win32
		{F0B5BCE2-35C3-43E6-81F3-87CBDC2E523C}.Shipping|Android.Build.0 = Android_Shipping|Win32
		{F0B5BCE2-35C3-43E6-81F3-87CBDC2E523C}.Shipping|Win32.ActiveCfg = Shipping|Win32
		{F0B5BCE2-35C3-43E6-81F3-87CBDC2E523C}.Shipping|Win32.Build.0 = Shipping|Win32
		{F0B5BCE2-35C3-43E6-81F3-87CBDC2E523C}.Shipping|Win64.ActiveCfg = Shipping|x64
		{F0B5BCE2-35C3-43E6-81F3-87CBDC2E523C}.Shipping|Win64.Build.0 = Shipping|x64
	EndGlobalSection
	GlobalSection(SolutionProperties) = preSolution
		HideSolutionNode = FALSE
	EndGlobalSection
	GlobalSection(NestedProjects) = preSolution
		{172F83B6-68FA-43E6-A50A-24A5B3A5E146} = {54C34772-3019-4131-91CC-275012A18DBB}
		{F0B5BCE2-35C3-43E6-81F3-87CBDC2E523C} = {77A857FA-CEDD-4270-BF29-4C2488854456}
	EndGlobalSection
EndGlobal
